{
    "_meta": {
        "hash": {
            "sha256": "4fecff5cd222d6a383a01fcf9398a9c0f7aa35c8e5132a896cf29b66c98f8748"
        },
        "pipfile-spec": 6,
        "requires": {
            "python_version": "3.7.3"
        },
        "sources": [
            {
                "name": "pypi",
                "url": "https://pypi.org/simple",
                "verify_ssl": true
            }
        ]
    },
    "default": {
        "bme680": {
            "hashes": [
                "sha256:52223986d483818b06a9dacdb28074e5dade27526c61827c813b5b009041f685",
                "sha256:df8f6eaf7a640be77b50c5e8f91406e6d49a66e2a02c3aba7bba6b4dca4f61dc",
                "sha256:e9b5f84ab42d2402c8872b82488f8b38f053406d5ec41abc4d577f0c5ceee38a"
            ],
            "index": "pypi",
            "version": "==1.0.5"
        },
        "prometheus-client": {
            "hashes": [
                "sha256:9da7b32f02439d8c04f7777021c304ed51d9ec180604700c1ba72a4d44dceb03",
                "sha256:b08c34c328e1bf5961f0b4352668e6c8f145b4a087e09b7296ef62cbe4693d35"
            ],
            "index": "pypi",
            "version": "==0.9.0"
        }
    },
    "develop": {}
}
